// !$*UTF8*$!
{
	archiveVersion = 1;
	classes = {
	};
	objectVersion = 56;
	objects = {

/* Begin PBXBuildFile section */
		DC531C482BA3CF1E005C7270 /* App.swift in Sources */ = {isa = PBXBuildFile; fileRef = DC531C472BA3CF1E005C7270 /* App.swift */; };
		DC531C4C2BA3CF20005C7270 /* Assets.xcassets in Resources */ = {isa = PBXBuildFile; fileRef = DC531C4B2BA3CF20005C7270 /* Assets.xcassets */; };
		DC531C4F2BA3CF20005C7270 /* Preview Assets.xcassets in Resources */ = {isa = PBXBuildFile; fileRef = DC531C4E2BA3CF20005C7270 /* Preview Assets.xcassets */; };
		DC531C592BA3CF20005C7270 /* RecordMeetingsTests.swift in Sources */ = {isa = PBXBuildFile; fileRef = DC531C582BA3CF20005C7270 /* RecordMeetingsTests.swift */; };
		DC531C732BA3CF4F005C7270 /* ComposableArchitecture in Frameworks */ = {isa = PBXBuildFile; productRef = DC531C722BA3CF4F005C7270 /* ComposableArchitecture */; };
		DC531C752BA3CFA1005C7270 /* Models.swift in Sources */ = {isa = PBXBuildFile; fileRef = DC531C742BA3CFA1005C7270 /* Models.swift */; };
		DC531C772BA3D014005C7270 /* SyncUpsList.swift in Sources */ = {isa = PBXBuildFile; fileRef = DC531C762BA3D014005C7270 /* SyncUpsList.swift */; };
		DC531C792BA3D420005C7270 /* SyncUpForm.swift in Sources */ = {isa = PBXBuildFile; fileRef = DC531C782BA3D420005C7270 /* SyncUpForm.swift */; };
		DC531C7B2BA3D649005C7270 /* SyncUpDetail.swift in Sources */ = {isa = PBXBuildFile; fileRef = DC531C7A2BA3D649005C7270 /* SyncUpDetail.swift */; };
		DC531C7D2BA3D84A005C7270 /* Meeting.swift in Sources */ = {isa = PBXBuildFile; fileRef = DC531C7C2BA3D84A005C7270 /* Meeting.swift */; };
		DC531C7F2BA3D8C1005C7270 /* RecordMeeting.swift in Sources */ = {isa = PBXBuildFile; fileRef = DC531C7E2BA3D8C1005C7270 /* RecordMeeting.swift */; };
		DC531C812BA426C1005C7270 /* SyncUpDetailTests.swift in Sources */ = {isa = PBXBuildFile; fileRef = DC531C802BA426C1005C7270 /* SyncUpDetailTests.swift */; };
		DC531C832BA426CC005C7270 /* SyncUpFormTests.swift in Sources */ = {isa = PBXBuildFile; fileRef = DC531C822BA426CC005C7270 /* SyncUpFormTests.swift */; };
		DC531C852BA426DB005C7270 /* SyncUpsListTests.swift in Sources */ = {isa = PBXBuildFile; fileRef = DC531C842BA426DB005C7270 /* SyncUpsListTests.swift */; };
/* End PBXBuildFile section */

/* Begin PBXContainerItemProxy section */
		DC531C552BA3CF20005C7270 /* PBXContainerItemProxy */ = {
			isa = PBXContainerItemProxy;
			containerPortal = DC531C3C2BA3CF1E005C7270 /* Project object */;
			proxyType = 1;
			remoteGlobalIDString = DC531C432BA3CF1E005C7270;
			remoteInfo = TrySyncUps;
		};
/* End PBXContainerItemProxy section */

/* Begin PBXFileReference section */
		DC531C442BA3CF1E005C7270 /* TrySyncUps.app */ = {isa = PBXFileReference; explicitFileType = wrapper.application; includeInIndex = 0; path = TrySyncUps.app; sourceTree = BUILT_PRODUCTS_DIR; };
		DC531C472BA3CF1E005C7270 /* App.swift */ = {isa = PBXFileReference; lastKnownFileType = sourcecode.swift; path = App.swift; sourceTree = "<group>"; };
		DC531C4B2BA3CF20005C7270 /* Assets.xcassets */ = {isa = PBXFileReference; lastKnownFileType = folder.assetcatalog; path = Assets.xcassets; sourceTree = "<group>"; };
		DC531C4E2BA3CF20005C7270 /* Preview Assets.xcassets */ = {isa = PBXFileReference; lastKnownFileType = folder.assetcatalog; path = "Preview Assets.xcassets"; sourceTree = "<group>"; };
		DC531C542BA3CF20005C7270 /* TrySyncUpsTests.xctest */ = {isa = PBXFileReference; explicitFileType = wrapper.cfbundle; includeInIndex = 0; path = TrySyncUpsTests.xctest; sourceTree = BUILT_PRODUCTS_DIR; };
		DC531C582BA3CF20005C7270 /* RecordMeetingsTests.swift */ = {isa = PBXFileReference; lastKnownFileType = sourcecode.swift; path = RecordMeetingsTests.swift; sourceTree = "<group>"; };
		DC531C742BA3CFA1005C7270 /* Models.swift */ = {isa = PBXFileReference; lastKnownFileType = sourcecode.swift; path = Models.swift; sourceTree = "<group>"; };
		DC531C762BA3D014005C7270 /* SyncUpsList.swift */ = {isa = PBXFileReference; lastKnownFileType = sourcecode.swift; path = SyncUpsList.swift; sourceTree = "<group>"; };
		DC531C782BA3D420005C7270 /* SyncUpForm.swift */ = {isa = PBXFileReference; lastKnownFileType = sourcecode.swift; path = SyncUpForm.swift; sourceTree = "<group>"; };
		DC531C7A2BA3D649005C7270 /* SyncUpDetail.swift */ = {isa = PBXFileReference; lastKnownFileType = sourcecode.swift; path = SyncUpDetail.swift; sourceTree = "<group>"; };
		DC531C7C2BA3D84A005C7270 /* Meeting.swift */ = {isa = PBXFileReference; lastKnownFileType = sourcecode.swift; path = Meeting.swift; sourceTree = "<group>"; };
		DC531C7E2BA3D8C1005C7270 /* RecordMeeting.swift */ = {isa = PBXFileReference; lastKnownFileType = sourcecode.swift; path = RecordMeeting.swift; sourceTree = "<group>"; };
		DC531C802BA426C1005C7270 /* SyncUpDetailTests.swift */ = {isa = PBXFileReference; lastKnownFileType = sourcecode.swift; path = SyncUpDetailTests.swift; sourceTree = "<group>"; };
		DC531C822BA426CC005C7270 /* SyncUpFormTests.swift */ = {isa = PBXFileReference; lastKnownFileType = sourcecode.swift; path = SyncUpFormTests.swift; sourceTree = "<group>"; };
		DC531C842BA426DB005C7270 /* SyncUpsListTests.swift */ = {isa = PBXFileReference; lastKnownFileType = sourcecode.swift; path = SyncUpsListTests.swift; sourceTree = "<group>"; };
/* End PBXFileReference section */

/* Begin PBXFrameworksBuildPhase section */
		DC531C412BA3CF1E005C7270 /* Frameworks */ = {
			isa = PBXFrameworksBuildPhase;
			buildActionMask = 2147483647;
			files = (
				DC531C732BA3CF4F005C7270 /* ComposableArchitecture in Frameworks */,
			);
			runOnlyForDeploymentPostprocessing = 0;
		};
		DC531C512BA3CF20005C7270 /* Frameworks */ = {
			isa = PBXFrameworksBuildPhase;
			buildActionMask = 2147483647;
			files = (
			);
			runOnlyForDeploymentPostprocessing = 0;
		};
/* End PBXFrameworksBuildPhase section */

/* Begin PBXGroup section */
		DC531C3B2BA3CF1E005C7270 = {
			isa = PBXGroup;
			children = (
				DC531C462BA3CF1E005C7270 /* TrySyncUps */,
				DC531C572BA3CF20005C7270 /* TrySyncUpsTests */,
				DC531C452BA3CF1E005C7270 /* Products */,
			);
			sourceTree = "<group>";
		};
		DC531C452BA3CF1E005C7270 /* Products */ = {
			isa = PBXGroup;
			children = (
				DC531C442BA3CF1E005C7270 /* TrySyncUps.app */,
				DC531C542BA3CF20005C7270 /* TrySyncUpsTests.xctest */,
			);
			name = Products;
			sourceTree = "<group>";
		};
		DC531C462BA3CF1E005C7270 /* TrySyncUps */ = {
			isa = PBXGroup;
			children = (
				DC531C472BA3CF1E005C7270 /* App.swift */,
				DC531C7C2BA3D84A005C7270 /* Meeting.swift */,
				DC531C742BA3CFA1005C7270 /* Models.swift */,
				DC531C7E2BA3D8C1005C7270 /* RecordMeeting.swift */,
				DC531C7A2BA3D649005C7270 /* SyncUpDetail.swift */,
				DC531C782BA3D420005C7270 /* SyncUpForm.swift */,
				DC531C762BA3D014005C7270 /* SyncUpsList.swift */,
				DC531C4B2BA3CF20005C7270 /* Assets.xcassets */,
				DC531C4D2BA3CF20005C7270 /* Preview Content */,
			);
			path = TrySyncUps;
			sourceTree = "<group>";
		};
		DC531C4D2BA3CF20005C7270 /* Preview Content */ = {
			isa = PBXGroup;
			children = (
				DC531C4E2BA3CF20005C7270 /* Preview Assets.xcassets */,
			);
			path = "Preview Content";
			sourceTree = "<group>";
		};
		DC531C572BA3CF20005C7270 /* TrySyncUpsTests */ = {
			isa = PBXGroup;
			children = (
				DC531C582BA3CF20005C7270 /* RecordMeetingsTests.swift */,
				DC531C802BA426C1005C7270 /* SyncUpDetailTests.swift */,
				DC531C822BA426CC005C7270 /* SyncUpFormTests.swift */,
				DC531C842BA426DB005C7270 /* SyncUpsListTests.swift */,
			);
			path = TrySyncUpsTests;
			sourceTree = "<group>";
		};
/* End PBXGroup section */

/* Begin PBXNativeTarget section */
		DC531C432BA3CF1E005C7270 /* TrySyncUps */ = {
			isa = PBXNativeTarget;
			buildConfigurationList = DC531C682BA3CF20005C7270 /* Build configuration list for PBXNativeTarget "TrySyncUps" */;
			buildPhases = (
				DC531C402BA3CF1E005C7270 /* Sources */,
				DC531C412BA3CF1E005C7270 /* Frameworks */,
				DC531C422BA3CF1E005C7270 /* Resources */,
			);
			buildRules = (
			);
			dependencies = (
			);
			name = TrySyncUps;
			packageProductDependencies = (
				DC531C722BA3CF4F005C7270 /* ComposableArchitecture */,
			);
			productName = TrySyncUps;
			productReference = DC531C442BA3CF1E005C7270 /* TrySyncUps.app */;
			productType = "com.apple.product-type.application";
		};
		DC531C532BA3CF20005C7270 /* TrySyncUpsTests */ = {
			isa = PBXNativeTarget;
			buildConfigurationList = DC531C6B2BA3CF20005C7270 /* Build configuration list for PBXNativeTarget "TrySyncUpsTests" */;
			buildPhases = (
				DC531C502BA3CF20005C7270 /* Sources */,
				DC531C512BA3CF20005C7270 /* Frameworks */,
				DC531C522BA3CF20005C7270 /* Resources */,
			);
			buildRules = (
			);
			dependencies = (
				DC531C562BA3CF20005C7270 /* PBXTargetDependency */,
			);
			name = TrySyncUpsTests;
			productName = TrySyncUpsTests;
			productReference = DC531C542BA3CF20005C7270 /* TrySyncUpsTests.xctest */;
			productType = "com.apple.product-type.bundle.unit-test";
		};
/* End PBXNativeTarget section */

/* Begin PBXProject section */
		DC531C3C2BA3CF1E005C7270 /* Project object */ = {
			isa = PBXProject;
			attributes = {
				BuildIndependentTargetsInParallel = 1;
				LastSwiftUpdateCheck = 1530;
				LastUpgradeCheck = 1530;
				TargetAttributes = {
					DC531C432BA3CF1E005C7270 = {
						CreatedOnToolsVersion = 15.3;
					};
					DC531C532BA3CF20005C7270 = {
						CreatedOnToolsVersion = 15.3;
						TestTargetID = DC531C432BA3CF1E005C7270;
					};
				};
			};
			buildConfigurationList = DC531C3F2BA3CF1E005C7270 /* Build configuration list for PBXProject "TrySyncUps" */;
			compatibilityVersion = "Xcode 14.0";
			developmentRegion = en;
			hasScannedForEncodings = 0;
			knownRegions = (
				en,
				Base,
			);
			mainGroup = DC531C3B2BA3CF1E005C7270;
			packageReferences = (
				DC531C712BA3CF4F005C7270 /* XCRemoteSwiftPackageReference "swift-composable-architecture" */,
			);
			productRefGroup = DC531C452BA3CF1E005C7270 /* Products */;
			projectDirPath = "";
			projectRoot = "";
			targets = (
				DC531C432BA3CF1E005C7270 /* TrySyncUps */,
				DC531C532BA3CF20005C7270 /* TrySyncUpsTests */,
			);
		};
/* End PBXProject section */

/* Begin PBXResourcesBuildPhase section */
		DC531C422BA3CF1E005C7270 /* Resources */ = {
			isa = PBXResourcesBuildPhase;
			buildActionMask = 2147483647;
			files = (
				DC531C4F2BA3CF20005C7270 /* Preview Assets.xcassets in Resources */,
				DC531C4C2BA3CF20005C7270 /* Assets.xcassets in Resources */,
			);
			runOnlyForDeploymentPostprocessing = 0;
		};
		DC531C522BA3CF20005C7270 /* Resources */ = {
			isa = PBXResourcesBuildPhase;
			buildActionMask = 2147483647;
			files = (
			);
			runOnlyForDeploymentPostprocessing = 0;
		};
/* End PBXResourcesBuildPhase section */

/* Begin PBXSourcesBuildPhase section */
		DC531C402BA3CF1E005C7270 /* Sources */ = {
			isa = PBXSourcesBuildPhase;
			buildActionMask = 2147483647;
			files = (
				DC531C752BA3CFA1005C7270 /* Models.swift in Sources */,
				DC531C7D2BA3D84A005C7270 /* Meeting.swift in Sources */,
				DC531C7B2BA3D649005C7270 /* SyncUpDetail.swift in Sources */,
				DC531C792BA3D420005C7270 /* SyncUpForm.swift in Sources */,
				DC531C7F2BA3D8C1005C7270 /* RecordMeeting.swift in Sources */,
				DC531C772BA3D014005C7270 /* SyncUpsList.swift in Sources */,
				DC531C482BA3CF1E005C7270 /* App.swift in Sources */,
			);
			runOnlyForDeploymentPostprocessing = 0;
		};
		DC531C502BA3CF20005C7270 /* Sources */ = {
			isa = PBXSourcesBuildPhase;
			buildActionMask = 2147483647;
			files = (
				DC531C812BA426C1005C7270 /* SyncUpDetailTests.swift in Sources */,
				DC531C852BA426DB005C7270 /* SyncUpsListTests.swift in Sources */,
				DC531C832BA426CC005C7270 /* SyncUpFormTests.swift in Sources */,
				DC531C592BA3CF20005C7270 /* RecordMeetingsTests.swift in Sources */,
			);
			runOnlyForDeploymentPostprocessing = 0;
		};
/* End PBXSourcesBuildPhase section */

/* Begin PBXTargetDependency section */
		DC531C562BA3CF20005C7270 /* PBXTargetDependency */ = {
			isa = PBXTargetDependency;
			target = DC531C432BA3CF1E005C7270 /* TrySyncUps */;
			targetProxy = DC531C552BA3CF20005C7270 /* PBXContainerItemProxy */;
		};
/* End PBXTargetDependency section */

/* Begin XCBuildConfiguration section */
		DC531C662BA3CF20005C7270 /* Debug */ = {
			isa = XCBuildConfiguration;
			buildSettings = {
				ALWAYS_SEARCH_USER_PATHS = NO;
				ASSETCATALOG_COMPILER_GENERATE_SWIFT_ASSET_SYMBOL_EXTENSIONS = YES;
				CLANG_ANALYZER_NONNULL = YES;
				CLANG_ANALYZER_NUMBER_OBJECT_CONVERSION = YES_AGGRESSIVE;
				CLANG_CXX_LANGUAGE_STANDARD = "gnu++20";
				CLANG_ENABLE_MODULES = YES;
				CLANG_ENABLE_OBJC_ARC = YES;
				CLANG_ENABLE_OBJC_WEAK = YES;
				CLANG_WARN_BLOCK_CAPTURE_AUTORELEASING = YES;
				CLANG_WARN_BOOL_CONVERSION = YES;
				CLANG_WARN_COMMA = YES;
				CLANG_WARN_CONSTANT_CONVERSION = YES;
				CLANG_WARN_DEPRECATED_OBJC_IMPLEMENTATIONS = YES;
				CLANG_WARN_DIRECT_OBJC_ISA_USAGE = YES_ERROR;
				CLANG_WARN_DOCUMENTATION_COMMENTS = YES;
				CLANG_WARN_EMPTY_BODY = YES;
				CLANG_WARN_ENUM_CONVERSION = YES;
				CLANG_WARN_INFINITE_RECURSION = YES;
				CLANG_WARN_INT_CONVERSION = YES;
				CLANG_WARN_NON_LITERAL_NULL_CONVERSION = YES;
				CLANG_WARN_OBJC_IMPLICIT_RETAIN_SELF = YES;
				CLANG_WARN_OBJC_LITERAL_CONVERSION = YES;
				CLANG_WARN_OBJC_ROOT_CLASS = YES_ERROR;
				CLANG_WARN_QUOTED_INCLUDE_IN_FRAMEWORK_HEADER = YES;
				CLANG_WARN_RANGE_LOOP_ANALYSIS = YES;
				CLANG_WARN_STRICT_PROTOTYPES = YES;
				CLANG_WARN_SUSPICIOUS_MOVE = YES;
				CLANG_WARN_UNGUARDED_AVAILABILITY = YES_AGGRESSIVE;
				CLANG_WARN_UNREACHABLE_CODE = YES;
				CLANG_WARN__DUPLICATE_METHOD_MATCH = YES;
				COPY_PHASE_STRIP = NO;
				DEBUG_INFORMATION_FORMAT = dwarf;
				ENABLE_STRICT_OBJC_MSGSEND = YES;
				ENABLE_TESTABILITY = YES;
				ENABLE_USER_SCRIPT_SANDBOXING = YES;
				GCC_C_LANGUAGE_STANDARD = gnu17;
				GCC_DYNAMIC_NO_PIC = NO;
				GCC_NO_COMMON_BLOCKS = YES;
				GCC_OPTIMIZATION_LEVEL = 0;
				GCC_PREPROCESSOR_DEFINITIONS = (
					"DEBUG=1",
					"$(inherited)",
				);
				GCC_WARN_64_TO_32_BIT_CONVERSION = YES;
				GCC_WARN_ABOUT_RETURN_TYPE = YES_ERROR;
				GCC_WARN_UNDECLARED_SELECTOR = YES;
				GCC_WARN_UNINITIALIZED_AUTOS = YES_AGGRESSIVE;
				GCC_WARN_UNUSED_FUNCTION = YES;
				GCC_WARN_UNUSED_VARIABLE = YES;
				IPHONEOS_DEPLOYMENT_TARGET = 17.4;
				LOCALIZATION_PREFERS_STRING_CATALOGS = YES;
				MTL_ENABLE_DEBUG_INFO = INCLUDE_SOURCE;
				MTL_FAST_MATH = YES;
				ONLY_ACTIVE_ARCH = YES;
				SDKROOT = iphoneos;
				SWIFT_ACTIVE_COMPILATION_CONDITIONS = "DEBUG $(inherited)";
				SWIFT_OPTIMIZATION_LEVEL = "-Onone";
			};
			name = Debug;
		};
		DC531C672BA3CF20005C7270 /* Release */ = {
			isa = XCBuildConfiguration;
			buildSettings = {
				ALWAYS_SEARCH_USER_PATHS = NO;
				ASSETCATALOG_COMPILER_GENERATE_SWIFT_ASSET_SYMBOL_EXTENSIONS = YES;
				CLANG_ANALYZER_NONNULL = YES;
				CLANG_ANALYZER_NUMBER_OBJECT_CONVERSION = YES_AGGRESSIVE;
				CLANG_CXX_LANGUAGE_STANDARD = "gnu++20";
				CLANG_ENABLE_MODULES = YES;
				CLANG_ENABLE_OBJC_ARC = YES;
				CLANG_ENABLE_OBJC_WEAK = YES;
				CLANG_WARN_BLOCK_CAPTURE_AUTORELEASING = YES;
				CLANG_WARN_BOOL_CONVERSION = YES;
				CLANG_WARN_COMMA = YES;
				CLANG_WARN_CONSTANT_CONVERSION = YES;
				CLANG_WARN_DEPRECATED_OBJC_IMPLEMENTATIONS = YES;
				CLANG_WARN_DIRECT_OBJC_ISA_USAGE = YES_ERROR;
				CLANG_WARN_DOCUMENTATION_COMMENTS = YES;
				CLANG_WARN_EMPTY_BODY = YES;
				CLANG_WARN_ENUM_CONVERSION = YES;
				CLANG_WARN_INFINITE_RECURSION = YES;
				CLANG_WARN_INT_CONVERSION = YES;
				CLANG_WARN_NON_LITERAL_NULL_CONVERSION = YES;
				CLANG_WARN_OBJC_IMPLICIT_RETAIN_SELF = YES;
				CLANG_WARN_OBJC_LITERAL_CONVERSION = YES;
				CLANG_WARN_OBJC_ROOT_CLASS = YES_ERROR;
				CLANG_WARN_QUOTED_INCLUDE_IN_FRAMEWORK_HEADER = YES;
				CLANG_WARN_RANGE_LOOP_ANALYSIS = YES;
				CLANG_WARN_STRICT_PROTOTYPES = YES;
				CLANG_WARN_SUSPICIOUS_MOVE = YES;
				CLANG_WARN_UNGUARDED_AVAILABILITY = YES_AGGRESSIVE;
				CLANG_WARN_UNREACHABLE_CODE = YES;
				CLANG_WARN__DUPLICATE_METHOD_MATCH = YES;
				COPY_PHASE_STRIP = NO;
				DEBUG_INFORMATION_FORMAT = "dwarf-with-dsym";
				ENABLE_NS_ASSERTIONS = NO;
				ENABLE_STRICT_OBJC_MSGSEND = YES;
				ENABLE_USER_SCRIPT_SANDBOXING = YES;
				GCC_C_LANGUAGE_STANDARD = gnu17;
				GCC_NO_COMMON_BLOCKS = YES;
				GCC_WARN_64_TO_32_BIT_CONVERSION = YES;
				GCC_WARN_ABOUT_RETURN_TYPE = YES_ERROR;
				GCC_WARN_UNDECLARED_SELECTOR = YES;
				GCC_WARN_UNINITIALIZED_AUTOS = YES_AGGRESSIVE;
				GCC_WARN_UNUSED_FUNCTION = YES;
				GCC_WARN_UNUSED_VARIABLE = YES;
				IPHONEOS_DEPLOYMENT_TARGET = 17.4;
				LOCALIZATION_PREFERS_STRING_CATALOGS = YES;
				MTL_ENABLE_DEBUG_INFO = NO;
				MTL_FAST_MATH = YES;
				SDKROOT = iphoneos;
				SWIFT_COMPILATION_MODE = wholemodule;
				VALIDATE_PRODUCT = YES;
			};
			name = Release;
		};
		DC531C692BA3CF20005C7270 /* Debug */ = {
			isa = XCBuildConfiguration;
			buildSettings = {
				ASSETCATALOG_COMPILER_APPICON_NAME = AppIcon;
				ASSETCATALOG_COMPILER_GLOBAL_ACCENT_COLOR_NAME = AccentColor;
				CODE_SIGN_STYLE = Automatic;
				CURRENT_PROJECT_VERSION = 1;
				DEVELOPMENT_ASSET_PATHS = "\"TrySyncUps/Preview Content\"";
				ENABLE_PREVIEWS = YES;
				GENERATE_INFOPLIST_FILE = YES;
				INFOPLIST_KEY_NSSpeechRecognitionUsageDescription = "To transcribe meeting notes.";
				INFOPLIST_KEY_UIApplicationSceneManifest_Generation = YES;
				INFOPLIST_KEY_UIApplicationSupportsIndirectInputEvents = YES;
				INFOPLIST_KEY_UILaunchScreen_Generation = YES;
				INFOPLIST_KEY_UISupportedInterfaceOrientations_iPad = "UIInterfaceOrientationPortrait UIInterfaceOrientationPortraitUpsideDown UIInterfaceOrientationLandscapeLeft UIInterfaceOrientationLandscapeRight";
				INFOPLIST_KEY_UISupportedInterfaceOrientations_iPhone = "UIInterfaceOrientationPortrait UIInterfaceOrientationLandscapeLeft UIInterfaceOrientationLandscapeRight";
				LD_RUNPATH_SEARCH_PATHS = (
					"$(inherited)",
					"@executable_path/Frameworks",
				);
				MARKETING_VERSION = 1.0;
				PRODUCT_BUNDLE_IDENTIFIER = co.pointfree.TrySyncUps;
				PRODUCT_NAME = "$(TARGET_NAME)";
				SWIFT_EMIT_LOC_STRINGS = YES;
				SWIFT_VERSION = 5.0;
				TARGETED_DEVICE_FAMILY = "1,2";
			};
			name = Debug;
		};
		DC531C6A2BA3CF20005C7270 /* Release */ = {
			isa = XCBuildConfiguration;
			buildSettings = {
				ASSETCATALOG_COMPILER_APPICON_NAME = AppIcon;
				ASSETCATALOG_COMPILER_GLOBAL_ACCENT_COLOR_NAME = AccentColor;
				CODE_SIGN_STYLE = Automatic;
				CURRENT_PROJECT_VERSION = 1;
				DEVELOPMENT_ASSET_PATHS = "\"TrySyncUps/Preview Content\"";
				ENABLE_PREVIEWS = YES;
				GENERATE_INFOPLIST_FILE = YES;
				INFOPLIST_KEY_NSSpeechRecognitionUsageDescription = "To transcribe meeting notes.";
				INFOPLIST_KEY_UIApplicationSceneManifest_Generation = YES;
				INFOPLIST_KEY_UIApplicationSupportsIndirectInputEvents = YES;
				INFOPLIST_KEY_UILaunchScreen_Generation = YES;
				INFOPLIST_KEY_UISupportedInterfaceOrientations_iPad = "UIInterfaceOrientationPortrait UIInterfaceOrientationPortraitUpsideDown UIInterfaceOrientationLandscapeLeft UIInterfaceOrientationLandscapeRight";
				INFOPLIST_KEY_UISupportedInterfaceOrientations_iPhone = "UIInterfaceOrientationPortrait UIInterfaceOrientationLandscapeLeft UIInterfaceOrientationLandscapeRight";
				LD_RUNPATH_SEARCH_PATHS = (
					"$(inherited)",
					"@executable_path/Frameworks",
				);
				MARKETING_VERSION = 1.0;
				PRODUCT_BUNDLE_IDENTIFIER = co.pointfree.TrySyncUps;
				PRODUCT_NAME = "$(TARGET_NAME)";
				SWIFT_EMIT_LOC_STRINGS = YES;
				SWIFT_VERSION = 5.0;
				TARGETED_DEVICE_FAMILY = "1,2";
			};
			name = Release;
		};
		DC531C6C2BA3CF20005C7270 /* Debug */ = {
			isa = XCBuildConfiguration;
			buildSettings = {
				ALWAYS_EMBED_SWIFT_STANDARD_LIBRARIES = YES;
				BUNDLE_LOADER = "$(TEST_HOST)";
				CODE_SIGN_STYLE = Automatic;
				CURRENT_PROJECT_VERSION = 1;
				GENERATE_INFOPLIST_FILE = YES;
				IPHONEOS_DEPLOYMENT_TARGET = 17.4;
				MARKETING_VERSION = 1.0;
				PRODUCT_BUNDLE_IDENTIFIER = co.pointfree.TrySyncUpsTests;
				PRODUCT_NAME = "$(TARGET_NAME)";
				SWIFT_EMIT_LOC_STRINGS = NO;
				SWIFT_VERSION = 5.0;
				TARGETED_DEVICE_FAMILY = "1,2";
				TEST_HOST = "$(BUILT_PRODUCTS_DIR)/TrySyncUps.app/$(BUNDLE_EXECUTABLE_FOLDER_PATH)/TrySyncUps";
			};
			name = Debug;
		};
		DC531C6D2BA3CF20005C7270 /* Release */ = {
			isa = XCBuildConfiguration;
			buildSettings = {
				ALWAYS_EMBED_SWIFT_STANDARD_LIBRARIES = YES;
				BUNDLE_LOADER = "$(TEST_HOST)";
				CODE_SIGN_STYLE = Automatic;
				CURRENT_PROJECT_VERSION = 1;
				GENERATE_INFOPLIST_FILE = YES;
				IPHONEOS_DEPLOYMENT_TARGET = 17.4;
				MARKETING_VERSION = 1.0;
				PRODUCT_BUNDLE_IDENTIFIER = co.pointfree.TrySyncUpsTests;
				PRODUCT_NAME = "$(TARGET_NAME)";
				SWIFT_EMIT_LOC_STRINGS = NO;
				SWIFT_VERSION = 5.0;
				TARGETED_DEVICE_FAMILY = "1,2";
				TEST_HOST = "$(BUILT_PRODUCTS_DIR)/TrySyncUps.app/$(BUNDLE_EXECUTABLE_FOLDER_PATH)/TrySyncUps";
			};
			name = Release;
		};
/* End XCBuildConfiguration section */

/* Begin XCConfigurationList section */
		DC531C3F2BA3CF1E005C7270 /* Build configuration list for PBXProject "TrySyncUps" */ = {
			isa = XCConfigurationList;
			buildConfigurations = (
				DC531C662BA3CF20005C7270 /* Debug */,
				DC531C672BA3CF20005C7270 /* Release */,
			);
			defaultConfigurationIsVisible = 0;
			defaultConfigurationName = Release;
		};
		DC531C682BA3CF20005C7270 /* Build configuration list for PBXNativeTarget "TrySyncUps" */ = {
			isa = XCConfigurationList;
			buildConfigurations = (
				DC531C692BA3CF20005C7270 /* Debug */,
				DC531C6A2BA3CF20005C7270 /* Release */,
			);
			defaultConfigurationIsVisible = 0;
			defaultConfigurationName = Release;
		};
		DC531C6B2BA3CF20005C7270 /* Build configuration list for PBXNativeTarget "TrySyncUpsTests" */ = {
			isa = XCConfigurationList;
			buildConfigurations = (
				DC531C6C2BA3CF20005C7270 /* Debug */,
				DC531C6D2BA3CF20005C7270 /* Release */,
			);
			defaultConfigurationIsVisible = 0;
			defaultConfigurationName = Release;
		};
/* End XCConfigurationList section */

/* Begin XCRemoteSwiftPackageReference section */
		DC531C712BA3CF4F005C7270 /* XCRemoteSwiftPackageReference "swift-composable-architecture" */ = {
			isa = XCRemoteSwiftPackageReference;
			repositoryURL = "https://github.com/pointfreeco/swift-composable-architecture.git";
			requirement = {
				branch = "shared-state-beta";
				kind = branch;
			};
		};
/* End XCRemoteSwiftPackageReference section */

/* Begin XCSwiftPackageProductDependency section */
		DC531C722BA3CF4F005C7270 /* ComposableArchitecture */ = {
			isa = XCSwiftPackageProductDependency;
			package = DC531C712BA3CF4F005C7270 /* XCRemoteSwiftPackageReference "swift-composable-architecture" */;
			productName = ComposableArchitecture;
		};
/* End XCSwiftPackageProductDependency section */
	};
	rootObject = DC531C3C2BA3CF1E005C7270 /* Project object */;
}
